
Microsoft Visual Studio Solution File, Format Version 12.00
# Visual Studio Version 16
VisualStudioVersion = 16.0.30804.86
MinimumVisualStudioVersion = 10.0.40219.1
Project("{9A19103F-16F7-4668-BE54-9A1E7A4F7556}") = "TableroPecasV5.Server", "TableroPecasV5\Server\TableroPecasV5.Server.csproj", "{6A2FE90C-BE67-4E2C-8D6C-3C2BDDD5060C}"
EndProject
Project("{9A19103F-16F7-4668-BE54-9A1E7A4F7556}") = "TableroPecasV5.Client", "TableroPecasV5\Client\TableroPecasV5.Client.csproj", "{9E74BA96-1F88-4EB5-A11C-707BC4F2C9A7}"
EndProject
Project("{9A19103F-16F7-4668-BE54-9A1E7A4F7556}") = "TableroPecasV5.Shared", "TableroPecasV5\Shared\TableroPecasV5.Shared.csproj", "{8730C8D2-8394-4921-A2BF-229E6A7B09B8}"
EndProject
Global
	GlobalSection(SolutionConfigurationPlatforms) = preSolution
		Debug|Any CPU = Debug|Any CPU
		Release|Any CPU = Release|Any CPU
	EndGlobalSection
	GlobalSection(ProjectConfigurationPlatforms) = postSolution
		{6A2FE90C-BE67-4E2C-8D6C-3C2BDDD5060C}.Debug|Any CPU.ActiveCfg = Debug|Any CPU
		{6A2FE90C-BE67-4E2C-8D6C-3C2BDDD5060C}.Debug|Any CPU.Build.0 = Debug|Any CPU
		{6A2FE90C-BE67-4E2C-8D6C-3C2BDDD5060C}.Release|Any CPU.ActiveCfg = Release|Any CPU
		{6A2FE90C-BE67-4E2C-8D6C-3C2BDDD5060C}.Release|Any CPU.Build.0 = Release|Any CPU
		{9E74BA96-1F88-4EB5-A11C-707BC4F2C9A7}.Debug|Any CPU.ActiveCfg = Debug|Any CPU
		{9E74BA96-1F88-4EB5-A11C-707BC4F2C9A7}.Debug|Any CPU.Build.0 = Debug|Any CPU
		{9E74BA96-1F88-4EB5-A11C-707BC4F2C9A7}.Release|Any CPU.ActiveCfg = Release|Any CPU
		{9E74BA96-1F88-4EB5-A11C-707BC4F2C9A7}.Release|Any CPU.Build.0 = Release|Any CPU
		{8730C8D2-8394-4921-A2BF-229E6A7B09B8}.Debug|Any CPU.ActiveCfg = Debug|Any CPU
		{8730C8D2-8394-4921-A2BF-229E6A7B09B8}.Debug|Any CPU.Build.0 = Debug|Any CPU
		{8730C8D2-8394-4921-A2BF-229E6A7B09B8}.Release|Any CPU.ActiveCfg = Release|Any CPU
		{8730C8D2-8394-4921-A2BF-229E6A7B09B8}.Release|Any CPU.Build.0 = Release|Any CPU
	EndGlobalSection
	GlobalSection(SolutionProperties) = preSolution
		HideSolutionNode = FALSE
	EndGlobalSection
	GlobalSection(ExtensibilityGlobals) = postSolution
		SolutionGuid = {613598B9-427E-4F97-9C52-74219C5E1400}
	EndGlobalSection
EndGlobal
